
Microsoft Visual Studio Solution File, Format Version 12.00
# Visual Studio 15
VisualStudioVersion = 15.0.26124.0
MinimumVisualStudioVersion = 15.0.26124.0
Project("{FAE04EC0-301F-11D3-BF4B-00C04F79EFBC}") = "Domain", "Domain\Domain.csproj", "{81BA433D-13F4-4771-805D-ACF2FD4B5D4C}"
EndProject
Project("{FAE04EC0-301F-11D3-BF4B-00C04F79EFBC}") = "Application", "Application\Application.csproj", "{0504D7B7-7A67-4D1E-A2F2-F948B78D7594}"
EndProject
Project("{FAE04EC0-301F-11D3-BF4B-00C04F79EFBC}") = "Persistence", "Persistence\Persistence.csproj", "{9F8E5AA5-E127-4C9B-861B-77C0EDF30959}"
EndProject
Project("{FAE04EC0-301F-11D3-BF4B-00C04F79EFBC}") = "API", "API\API.csproj", "{514DD72F-3E45-4915-B274-A7A0B4800C2D}"
EndProject
Global
	GlobalSection(SolutionConfigurationPlatforms) = preSolution
		Debug|Any CPU = Debug|Any CPU
		Debug|x64 = Debug|x64
		Debug|x86 = Debug|x86
		Release|Any CPU = Release|Any CPU
		Release|x64 = Release|x64
		Release|x86 = Release|x86
	EndGlobalSection
	GlobalSection(SolutionProperties) = preSolution
		HideSolutionNode = FALSE
	EndGlobalSection
	GlobalSection(ProjectConfigurationPlatforms) = postSolution
		{81BA433D-13F4-4771-805D-ACF2FD4B5D4C}.Debug|Any CPU.ActiveCfg = Debug|Any CPU
		{81BA433D-13F4-4771-805D-ACF2FD4B5D4C}.Debug|Any CPU.Build.0 = Debug|Any CPU
		{81BA433D-13F4-4771-805D-ACF2FD4B5D4C}.Debug|x64.ActiveCfg = Debug|Any CPU
		{81BA433D-13F4-4771-805D-ACF2FD4B5D4C}.Debug|x64.Build.0 = Debug|Any CPU
		{81BA433D-13F4-4771-805D-ACF2FD4B5D4C}.Debug|x86.ActiveCfg = Debug|Any CPU
		{81BA433D-13F4-4771-805D-ACF2FD4B5D4C}.Debug|x86.Build.0 = Debug|Any CPU
		{81BA433D-13F4-4771-805D-ACF2FD4B5D4C}.Release|Any CPU.ActiveCfg = Release|Any CPU
		{81BA433D-13F4-4771-805D-ACF2FD4B5D4C}.Release|Any CPU.Build.0 = Release|Any CPU
		{81BA433D-13F4-4771-805D-ACF2FD4B5D4C}.Release|x64.ActiveCfg = Release|Any CPU
		{81BA433D-13F4-4771-805D-ACF2FD4B5D4C}.Release|x64.Build.0 = Release|Any CPU
		{81BA433D-13F4-4771-805D-ACF2FD4B5D4C}.Release|x86.ActiveCfg = Release|Any CPU
		{81BA433D-13F4-4771-805D-ACF2FD4B5D4C}.Release|x86.Build.0 = Release|Any CPU
		{0504D7B7-7A67-4D1E-A2F2-F948B78D7594}.Debug|Any CPU.ActiveCfg = Debug|Any CPU
		{0504D7B7-7A67-4D1E-A2F2-F948B78D7594}.Debug|Any CPU.Build.0 = Debug|Any CPU
		{0504D7B7-7A67-4D1E-A2F2-F948B78D7594}.Debug|x64.ActiveCfg = Debug|Any CPU
		{0504D7B7-7A67-4D1E-A2F2-F948B78D7594}.Debug|x64.Build.0 = Debug|Any CPU
		{0504D7B7-7A67-4D1E-A2F2-F948B78D7594}.Debug|x86.ActiveCfg = Debug|Any CPU
		{0504D7B7-7A67-4D1E-A2F2-F948B78D7594}.Debug|x86.Build.0 = Debug|Any CPU
		{0504D7B7-7A67-4D1E-A2F2-F948B78D7594}.Release|Any CPU.ActiveCfg = Release|Any CPU
		{0504D7B7-7A67-4D1E-A2F2-F948B78D7594}.Release|Any CPU.Build.0 = Release|Any CPU
		{0504D7B7-7A67-4D1E-A2F2-F948B78D7594}.Release|x64.ActiveCfg = Release|Any CPU
		{0504D7B7-7A67-4D1E-A2F2-F948B78D7594}.Release|x64.Build.0 = Release|Any CPU
		{0504D7B7-7A67-4D1E-A2F2-F948B78D7594}.Release|x86.ActiveCfg = Release|Any CPU
		{0504D7B7-7A67-4D1E-A2F2-F948B78D7594}.Release|x86.Build.0 = Release|Any CPU
		{9F8E5AA5-E127-4C9B-861B-77C0EDF30959}.Debug|Any CPU.ActiveCfg = Debug|Any CPU
		{9F8E5AA5-E127-4C9B-861B-77C0EDF30959}.Debug|Any CPU.Build.0 = Debug|Any CPU
		{9F8E5AA5-E127-4C9B-861B-77C0EDF30959}.Debug|x64.ActiveCfg = Debug|Any CPU
		{9F8E5AA5-E127-4C9B-861B-77C0EDF30959}.Debug|x64.Build.0 = Debug|Any CPU
		{9F8E5AA5-E127-4C9B-861B-77C0EDF30959}.Debug|x86.ActiveCfg = Debug|Any CPU
		{9F8E5AA5-E127-4C9B-861B-77C0EDF30959}.Debug|x86.Build.0 = Debug|Any CPU
		{9F8E5AA5-E127-4C9B-861B-77C0EDF30959}.Release|Any CPU.ActiveCfg = Release|Any CPU
		{9F8E5AA5-E127-4C9B-861B-77C0EDF30959}.Release|Any CPU.Build.0 = Release|Any CPU
		{9F8E5AA5-E127-4C9B-861B-77C0EDF30959}.Release|x64.ActiveCfg = Release|Any CPU
		{9F8E5AA5-E127-4C9B-861B-77C0EDF30959}.Release|x64.Build.0 = Release|Any CPU
		{9F8E5AA5-E127-4C9B-861B-77C0EDF30959}.Release|x86.ActiveCfg = Release|Any CPU
		{9F8E5AA5-E127-4C9B-861B-77C0EDF30959}.Release|x86.Build.0 = Release|Any CPU
		{514DD72F-3E45-4915-B274-A7A0B4800C2D}.Debug|Any CPU.ActiveCfg = Debug|Any CPU
		{514DD72F-3E45-4915-B274-A7A0B4800C2D}.Debug|Any CPU.Build.0 = Debug|Any CPU
		{514DD72F-3E45-4915-B274-A7A0B4800C2D}.Debug|x64.ActiveCfg = Debug|Any CPU
		{514DD72F-3E45-4915-B274-A7A0B4800C2D}.Debug|x64.Build.0 = Debug|Any CPU
		{514DD72F-3E45-4915-B274-A7A0B4800C2D}.Debug|x86.ActiveCfg = Debug|Any CPU
		{514DD72F-3E45-4915-B274-A7A0B4800C2D}.Debug|x86.Build.0 = Debug|Any CPU
		{514DD72F-3E45-4915-B274-A7A0B4800C2D}.Release|Any CPU.ActiveCfg = Release|Any CPU
		{514DD72F-3E45-4915-B274-A7A0B4800C2D}.Release|Any CPU.Build.0 = Release|Any CPU
		{514DD72F-3E45-4915-B274-A7A0B4800C2D}.Release|x64.ActiveCfg = Release|Any CPU
		{514DD72F-3E45-4915-B274-A7A0B4800C2D}.Release|x64.Build.0 = Release|Any CPU
		{514DD72F-3E45-4915-B274-A7A0B4800C2D}.Release|x86.ActiveCfg = Release|Any CPU
		{514DD72F-3E45-4915-B274-A7A0B4800C2D}.Release|x86.Build.0 = Release|Any CPU
	EndGlobalSection
EndGlobal
